
Microsoft Visual Studio Solution File, Format Version 12.00
# Visual Studio Version 16
VisualStudioVersion = 16.0.29215.179
MinimumVisualStudioVersion = 10.0.40219.1
Project("{FAE04EC0-301F-11D3-BF4B-00C04F79EFBC}") = "LCS", "LCS.csproj", "{2178D0D6-52AA-4286-BBAC-6B8C21DECE78}"
EndProject
Global
	GlobalSection(SolutionConfigurationPlatforms) = preSolution
		Debug|Any CPU = Debug|Any CPU
		Release|Any CPU = Release|Any CPU
	EndGlobalSection
	GlobalSection(ProjectConfigurationPlatforms) = postSolution
		{2178D0D6-52AA-4286-BBAC-6B8C21DECE78}.Debug|Any CPU.ActiveCfg = Debug|Any CPU
		{2178D0D6-52AA-4286-BBAC-6B8C21DECE78}.Debug|Any CPU.Build.0 = Debug|Any CPU
		{2178D0D6-52AA-4286-BBAC-6B8C21DECE78}.Release|Any CPU.ActiveCfg = Release|Any CPU
		{2178D0D6-52AA-4286-BBAC-6B8C21DECE78}.Release|Any CPU.Build.0 = Release|Any CPU
	EndGlobalSection
	GlobalSection(SolutionProperties) = preSolution
		HideSolutionNode = FALSE
	EndGlobalSection
	GlobalSection(ExtensibilityGlobals) = postSolution
		SolutionGuid = {F9242D56-D86F-4F89-A041-E1B112A87916}
	EndGlobalSection
EndGlobal
