
Microsoft Visual Studio Solution File, Format Version 12.00
# Visual Studio Version 16
VisualStudioVersion = 16.0.29326.143
MinimumVisualStudioVersion = 10.0.40219.1
Project("{FAE04EC0-301F-11D3-BF4B-00C04F79EFBC}") = "RepeatedDigit", "RepeatedDigit.csproj", "{A17112EF-17EF-45CC-9B0A-1FFBCED215A0}"
EndProject
Global
	GlobalSection(SolutionConfigurationPlatforms) = preSolution
		Debug|Any CPU = Debug|Any CPU
		Release|Any CPU = Release|Any CPU
	EndGlobalSection
	GlobalSection(ProjectConfigurationPlatforms) = postSolution
		{A17112EF-17EF-45CC-9B0A-1FFBCED215A0}.Debug|Any CPU.ActiveCfg = Debug|Any CPU
		{A17112EF-17EF-45CC-9B0A-1FFBCED215A0}.Debug|Any CPU.Build.0 = Debug|Any CPU
		{A17112EF-17EF-45CC-9B0A-1FFBCED215A0}.Release|Any CPU.ActiveCfg = Release|Any CPU
		{A17112EF-17EF-45CC-9B0A-1FFBCED215A0}.Release|Any CPU.Build.0 = Release|Any CPU
	EndGlobalSection
	GlobalSection(SolutionProperties) = preSolution
		HideSolutionNode = FALSE
	EndGlobalSection
	GlobalSection(ExtensibilityGlobals) = postSolution
		SolutionGuid = {E44BD1EA-008A-4575-A6CC-21D97511AB67}
	EndGlobalSection
EndGlobal
