
Microsoft Visual Studio Solution File, Format Version 12.00
# Visual Studio Version 16
VisualStudioVersion = 16.0.29911.84
MinimumVisualStudioVersion = 10.0.40219.1
Project("{FAE04EC0-301F-11D3-BF4B-00C04F79EFBC}") = "InterestingDrink", "InterestingDrink.csproj", "{D1FB36EC-A6E1-4972-910A-CD158EC29A45}"
EndProject
Global
	GlobalSection(SolutionConfigurationPlatforms) = preSolution
		Debug|Any CPU = Debug|Any CPU
		Release|Any CPU = Release|Any CPU
	EndGlobalSection
	GlobalSection(ProjectConfigurationPlatforms) = postSolution
		{D1FB36EC-A6E1-4972-910A-CD158EC29A45}.Debug|Any CPU.ActiveCfg = Debug|Any CPU
		{D1FB36EC-A6E1-4972-910A-CD158EC29A45}.Debug|Any CPU.Build.0 = Debug|Any CPU
		{D1FB36EC-A6E1-4972-910A-CD158EC29A45}.Release|Any CPU.ActiveCfg = Release|Any CPU
		{D1FB36EC-A6E1-4972-910A-CD158EC29A45}.Release|Any CPU.Build.0 = Release|Any CPU
	EndGlobalSection
	GlobalSection(SolutionProperties) = preSolution
		HideSolutionNode = FALSE
	EndGlobalSection
	GlobalSection(ExtensibilityGlobals) = postSolution
		SolutionGuid = {AF1F98E8-C5BE-48F6-A00E-58FC5B710909}
	EndGlobalSection
EndGlobal
