
Microsoft Visual Studio Solution File, Format Version 12.00
# Visual Studio Version 16
VisualStudioVersion = 16.0.29326.143
MinimumVisualStudioVersion = 10.0.40219.1
Project("{FAE04EC0-301F-11D3-BF4B-00C04F79EFBC}") = "TSP", "TSP.csproj", "{AF5F27D8-2BA0-4934-A138-77914BB2E043}"
EndProject
Global
	GlobalSection(SolutionConfigurationPlatforms) = preSolution
		Debug|Any CPU = Debug|Any CPU
		Release|Any CPU = Release|Any CPU
	EndGlobalSection
	GlobalSection(ProjectConfigurationPlatforms) = postSolution
		{AF5F27D8-2BA0-4934-A138-77914BB2E043}.Debug|Any CPU.ActiveCfg = Debug|Any CPU
		{AF5F27D8-2BA0-4934-A138-77914BB2E043}.Debug|Any CPU.Build.0 = Debug|Any CPU
		{AF5F27D8-2BA0-4934-A138-77914BB2E043}.Release|Any CPU.ActiveCfg = Release|Any CPU
		{AF5F27D8-2BA0-4934-A138-77914BB2E043}.Release|Any CPU.Build.0 = Release|Any CPU
	EndGlobalSection
	GlobalSection(SolutionProperties) = preSolution
		HideSolutionNode = FALSE
	EndGlobalSection
	GlobalSection(ExtensibilityGlobals) = postSolution
		SolutionGuid = {249E0A70-A422-4A7F-8FCA-C1F204D5EBA5}
	EndGlobalSection
EndGlobal
